
Microsoft Visual Studio Solution File, Format Version 12.00
# Visual Studio Version 16
VisualStudioVersion = 16.0.29905.134
MinimumVisualStudioVersion = 10.0.40219.1
Project("{FAE04EC0-301F-11D3-BF4B-00C04F79EFBC}") = "QuickBuy.Dominio", "QuickBuy.Dominio\QuickBuy.Dominio.csproj", "{D3B2F584-8D7F-40FF-9872-67C455189529}"
EndProject
Project("{FAE04EC0-301F-11D3-BF4B-00C04F79EFBC}") = "QuickBuy.Repositorio", "QuickBuy.Repositorio\QuickBuy.Repositorio.csproj", "{7A094AE4-E572-4860-AB99-9F3BBBB9CA0E}"
EndProject
Project("{FAE04EC0-301F-11D3-BF4B-00C04F79EFBC}") = "QuickBuy.Web", "QuickBuy.Web\QuickBuy.Web.csproj", "{B0926701-C66E-4E2A-B8AD-7064C9D4279D}"
EndProject
Global
	GlobalSection(SolutionConfigurationPlatforms) = preSolution
		Debug|Any CPU = Debug|Any CPU
		Release|Any CPU = Release|Any CPU
	EndGlobalSection
	GlobalSection(ProjectConfigurationPlatforms) = postSolution
		{D3B2F584-8D7F-40FF-9872-67C455189529}.Debug|Any CPU.ActiveCfg = Debug|Any CPU
		{D3B2F584-8D7F-40FF-9872-67C455189529}.Debug|Any CPU.Build.0 = Debug|Any CPU
		{D3B2F584-8D7F-40FF-9872-67C455189529}.Release|Any CPU.ActiveCfg = Release|Any CPU
		{D3B2F584-8D7F-40FF-9872-67C455189529}.Release|Any CPU.Build.0 = Release|Any CPU
		{7A094AE4-E572-4860-AB99-9F3BBBB9CA0E}.Debug|Any CPU.ActiveCfg = Debug|Any CPU
		{7A094AE4-E572-4860-AB99-9F3BBBB9CA0E}.Debug|Any CPU.Build.0 = Debug|Any CPU
		{7A094AE4-E572-4860-AB99-9F3BBBB9CA0E}.Release|Any CPU.ActiveCfg = Release|Any CPU
		{7A094AE4-E572-4860-AB99-9F3BBBB9CA0E}.Release|Any CPU.Build.0 = Release|Any CPU
		{B0926701-C66E-4E2A-B8AD-7064C9D4279D}.Debug|Any CPU.ActiveCfg = Debug|Any CPU
		{B0926701-C66E-4E2A-B8AD-7064C9D4279D}.Debug|Any CPU.Build.0 = Debug|Any CPU
		{B0926701-C66E-4E2A-B8AD-7064C9D4279D}.Release|Any CPU.ActiveCfg = Release|Any CPU
		{B0926701-C66E-4E2A-B8AD-7064C9D4279D}.Release|Any CPU.Build.0 = Release|Any CPU
	EndGlobalSection
	GlobalSection(SolutionProperties) = preSolution
		HideSolutionNode = FALSE
	EndGlobalSection
	GlobalSection(ExtensibilityGlobals) = postSolution
		SolutionGuid = {4FC17621-BB91-4FDC-9D37-C741FEE03803}
	EndGlobalSection
EndGlobal
